
Microsoft Visual Studio Solution File, Format Version 12.00
# Visual Studio Version 16
VisualStudioVersion = 16.0.31729.503
MinimumVisualStudioVersion = 10.0.40219.1
Project("{FAE04EC0-301F-11D3-BF4B-00C04F79EFBC}") = "u20444550HW06", "u20444550HW06.csproj", "{90B2A5A2-0529-41CD-95E7-9C82F9263092}"
EndProject
Global
	GlobalSection(SolutionConfigurationPlatforms) = preSolution
		Debug|Any CPU = Debug|Any CPU
		Release|Any CPU = Release|Any CPU
	EndGlobalSection
	GlobalSection(ProjectConfigurationPlatforms) = postSolution
		{90B2A5A2-0529-41CD-95E7-9C82F9263092}.Debug|Any CPU.ActiveCfg = Debug|Any CPU
		{90B2A5A2-0529-41CD-95E7-9C82F9263092}.Debug|Any CPU.Build.0 = Debug|Any CPU
		{90B2A5A2-0529-41CD-95E7-9C82F9263092}.Release|Any CPU.ActiveCfg = Release|Any CPU
		{90B2A5A2-0529-41CD-95E7-9C82F9263092}.Release|Any CPU.Build.0 = Release|Any CPU
	EndGlobalSection
	GlobalSection(SolutionProperties) = preSolution
		HideSolutionNode = FALSE
	EndGlobalSection
	GlobalSection(ExtensibilityGlobals) = postSolution
		SolutionGuid = {7F6F0149-D8E6-41EC-94C2-8FFEE5264CC9}
	EndGlobalSection
EndGlobal
